
Microsoft Visual Studio Solution File, Format Version 11.00
# Visual Studio 2010
Project("{FAE04EC0-301F-11D3-BF4B-00C04F79EFBC}") = "Assembly-CSharp", "Assembly-CSharp.csproj", "{4C1DDA8A-2E32-BF7F-6071-255FD10161FC}"
EndProject
Project("{FAE04EC0-301F-11D3-BF4B-00C04F79EFBC}") = "CodeMonkey_HealthSystem", "CodeMonkey_HealthSystem.csproj", "{EDB05AD6-2465-F663-B43C-7B2EAFC2434D}"
EndProject
Project("{FAE04EC0-301F-11D3-BF4B-00C04F79EFBC}") = "CodeMonkey_HealthSystem_Editor", "CodeMonkey_HealthSystem_Editor.csproj", "{CE04E4FF-83F9-F091-9947-F39E8C2AEE52}"
EndProject
Global
	GlobalSection(SolutionConfigurationPlatforms) = preSolution
		Debug|Any CPU = Debug|Any CPU
		Release|Any CPU = Release|Any CPU
	EndGlobalSection
	GlobalSection(ProjectConfigurationPlatforms) = postSolution
		{4C1DDA8A-2E32-BF7F-6071-255FD10161FC}.Debug|Any CPU.ActiveCfg = Debug|Any CPU
		{4C1DDA8A-2E32-BF7F-6071-255FD10161FC}.Debug|Any CPU.Build.0 = Debug|Any CPU
		{4C1DDA8A-2E32-BF7F-6071-255FD10161FC}.Release|Any CPU.ActiveCfg = Release|Any CPU
		{4C1DDA8A-2E32-BF7F-6071-255FD10161FC}.Release|Any CPU.Build.0 = Release|Any CPU
		{EDB05AD6-2465-F663-B43C-7B2EAFC2434D}.Debug|Any CPU.ActiveCfg = Debug|Any CPU
		{EDB05AD6-2465-F663-B43C-7B2EAFC2434D}.Debug|Any CPU.Build.0 = Debug|Any CPU
		{EDB05AD6-2465-F663-B43C-7B2EAFC2434D}.Release|Any CPU.ActiveCfg = Release|Any CPU
		{EDB05AD6-2465-F663-B43C-7B2EAFC2434D}.Release|Any CPU.Build.0 = Release|Any CPU
		{CE04E4FF-83F9-F091-9947-F39E8C2AEE52}.Debug|Any CPU.ActiveCfg = Debug|Any CPU
		{CE04E4FF-83F9-F091-9947-F39E8C2AEE52}.Debug|Any CPU.Build.0 = Debug|Any CPU
		{CE04E4FF-83F9-F091-9947-F39E8C2AEE52}.Release|Any CPU.ActiveCfg = Release|Any CPU
		{CE04E4FF-83F9-F091-9947-F39E8C2AEE52}.Release|Any CPU.Build.0 = Release|Any CPU
	EndGlobalSection
	GlobalSection(SolutionProperties) = preSolution
		HideSolutionNode = FALSE
	EndGlobalSection
EndGlobal
